// !$*UTF8*$!
{
	archiveVersion = 1;
	classes = {
	};
	objectVersion = 56;
	objects = {

/* Begin PBXBuildFile section */
		27489B702AFD49580079E9B1 /* practice_appApp.swift in Sources */ = {isa = PBXBuildFile; fileRef = 27489B6F2AFD49580079E9B1 /* practice_appApp.swift */; };
		27489B722AFD49580079E9B1 /* ContentView.swift in Sources */ = {isa = PBXBuildFile; fileRef = 27489B712AFD49580079E9B1 /* ContentView.swift */; };
		27489B742AFD49590079E9B1 /* Assets.xcassets in Resources */ = {isa = PBXBuildFile; fileRef = 27489B732AFD49590079E9B1 /* Assets.xcassets */; };
		27489B772AFD49590079E9B1 /* Preview Assets.xcassets in Resources */ = {isa = PBXBuildFile; fileRef = 27489B762AFD49590079E9B1 /* Preview Assets.xcassets */; };
		27489B812AFD495A0079E9B1 /* practice_appTests.swift in Sources */ = {isa = PBXBuildFile; fileRef = 27489B802AFD495A0079E9B1 /* practice_appTests.swift */; };
		27489B8B2AFD495A0079E9B1 /* practice_appUITests.swift in Sources */ = {isa = PBXBuildFile; fileRef = 27489B8A2AFD495A0079E9B1 /* practice_appUITests.swift */; };
		27489B8D2AFD495A0079E9B1 /* practice_appUITestsLaunchTests.swift in Sources */ = {isa = PBXBuildFile; fileRef = 27489B8C2AFD495A0079E9B1 /* practice_appUITestsLaunchTests.swift */; };
/* End PBXBuildFile section */

/* Begin PBXContainerItemProxy section */
		27489B7D2AFD495A0079E9B1 /* PBXContainerItemProxy */ = {
			isa = PBXContainerItemProxy;
			containerPortal = 27489B642AFD49580079E9B1 /* Project object */;
			proxyType = 1;
			remoteGlobalIDString = 27489B6B2AFD49580079E9B1;
			remoteInfo = "practice-app";
		};
		27489B872AFD495A0079E9B1 /* PBXContainerItemProxy */ = {
			isa = PBXContainerItemProxy;
			containerPortal = 27489B642AFD49580079E9B1 /* Project object */;
			proxyType = 1;
			remoteGlobalIDString = 27489B6B2AFD49580079E9B1;
			remoteInfo = "practice-app";
		};
/* End PBXContainerItemProxy section */

/* Begin PBXFileReference section */
		27489B6C2AFD49580079E9B1 /* practice-app.app */ = {isa = PBXFileReference; explicitFileType = wrapper.application; includeInIndex = 0; path = "practice-app.app"; sourceTree = BUILT_PRODUCTS_DIR; };
		27489B6F2AFD49580079E9B1 /* practice_appApp.swift */ = {isa = PBXFileReference; lastKnownFileType = sourcecode.swift; path = practice_appApp.swift; sourceTree = "<group>"; };
		27489B712AFD49580079E9B1 /* ContentView.swift */ = {isa = PBXFileReference; lastKnownFileType = sourcecode.swift; path = ContentView.swift; sourceTree = "<group>"; };
		27489B732AFD49590079E9B1 /* Assets.xcassets */ = {isa = PBXFileReference; lastKnownFileType = folder.assetcatalog; path = Assets.xcassets; sourceTree = "<group>"; };
		27489B762AFD49590079E9B1 /* Preview Assets.xcassets */ = {isa = PBXFileReference; lastKnownFileType = folder.assetcatalog; path = "Preview Assets.xcassets"; sourceTree = "<group>"; };
		27489B7C2AFD495A0079E9B1 /* practice-appTests.xctest */ = {isa = PBXFileReference; explicitFileType = wrapper.cfbundle; includeInIndex = 0; path = "practice-appTests.xctest"; sourceTree = BUILT_PRODUCTS_DIR; };
		27489B802AFD495A0079E9B1 /* practice_appTests.swift */ = {isa = PBXFileReference; lastKnownFileType = sourcecode.swift; path = practice_appTests.swift; sourceTree = "<group>"; };
		27489B862AFD495A0079E9B1 /* practice-appUITests.xctest */ = {isa = PBXFileReference; explicitFileType = wrapper.cfbundle; includeInIndex = 0; path = "practice-appUITests.xctest"; sourceTree = BUILT_PRODUCTS_DIR; };
		27489B8A2AFD495A0079E9B1 /* practice_appUITests.swift */ = {isa = PBXFileReference; lastKnownFileType = sourcecode.swift; path = practice_appUITests.swift; sourceTree = "<group>"; };
		27489B8C2AFD495A0079E9B1 /* practice_appUITestsLaunchTests.swift */ = {isa = PBXFileReference; lastKnownFileType = sourcecode.swift; path = practice_appUITestsLaunchTests.swift; sourceTree = "<group>"; };
/* End PBXFileReference section */

/* Begin PBXFrameworksBuildPhase section */
		27489B692AFD49580079E9B1 /* Frameworks */ = {
			isa = PBXFrameworksBuildPhase;
			buildActionMask = 2147483647;
			files = (
			);
			runOnlyForDeploymentPostprocessing = 0;
		};
		27489B792AFD495A0079E9B1 /* Frameworks */ = {
			isa = PBXFrameworksBuildPhase;
			buildActionMask = 2147483647;
			files = (
			);
			runOnlyForDeploymentPostprocessing = 0;
		};
		27489B832AFD495A0079E9B1 /* Frameworks */ = {
			isa = PBXFrameworksBuildPhase;
			buildActionMask = 2147483647;
			files = (
			);
			runOnlyForDeploymentPostprocessing = 0;
		};
/* End PBXFrameworksBuildPhase section */

/* Begin PBXGroup section */
		27489B632AFD49580079E9B1 = {
			isa = PBXGroup;
			children = (
				27489B6E2AFD49580079E9B1 /* practice-app */,
				27489B7F2AFD495A0079E9B1 /* practice-appTests */,
				27489B892AFD495A0079E9B1 /* practice-appUITests */,
				27489B6D2AFD49580079E9B1 /* Products */,
			);
			sourceTree = "<group>";
		};
		27489B6D2AFD49580079E9B1 /* Products */ = {
			isa = PBXGroup;
			children = (
				27489B6C2AFD49580079E9B1 /* practice-app.app */,
				27489B7C2AFD495A0079E9B1 /* practice-appTests.xctest */,
				27489B862AFD495A0079E9B1 /* practice-appUITests.xctest */,
			);
			name = Products;
			sourceTree = "<group>";
		};
		27489B6E2AFD49580079E9B1 /* practice-app */ = {
			isa = PBXGroup;
			children = (
				27489B6F2AFD49580079E9B1 /* practice_appApp.swift */,
				27489B712AFD49580079E9B1 /* ContentView.swift */,
				27489B732AFD49590079E9B1 /* Assets.xcassets */,
				27489B752AFD49590079E9B1 /* Preview Content */,
			);
			path = "practice-app";
			sourceTree = "<group>";
		};
		27489B752AFD49590079E9B1 /* Preview Content */ = {
			isa = PBXGroup;
			children = (
				27489B762AFD49590079E9B1 /* Preview Assets.xcassets */,
			);
			path = "Preview Content";
			sourceTree = "<group>";
		};
		27489B7F2AFD495A0079E9B1 /* practice-appTests */ = {
			isa = PBXGroup;
			children = (
				27489B802AFD495A0079E9B1 /* practice_appTests.swift */,
			);
			path = "practice-appTests";
			sourceTree = "<group>";
		};
		27489B892AFD495A0079E9B1 /* practice-appUITests */ = {
			isa = PBXGroup;
			children = (
				27489B8A2AFD495A0079E9B1 /* practice_appUITests.swift */,
				27489B8C2AFD495A0079E9B1 /* practice_appUITestsLaunchTests.swift */,
			);
			path = "practice-appUITests";
			sourceTree = "<group>";
		};
/* End PBXGroup section */

/* Begin PBXNativeTarget section */
		27489B6B2AFD49580079E9B1 /* practice-app */ = {
			isa = PBXNativeTarget;
			buildConfigurationList = 27489B902AFD495A0079E9B1 /* Build configuration list for PBXNativeTarget "practice-app" */;
			buildPhases = (
				27489B682AFD49580079E9B1 /* Sources */,
				27489B692AFD49580079E9B1 /* Frameworks */,
				27489B6A2AFD49580079E9B1 /* Resources */,
			);
			buildRules = (
			);
			dependencies = (
			);
			name = "practice-app";
			productName = "practice-app";
			productReference = 27489B6C2AFD49580079E9B1 /* practice-app.app */;
			productType = "com.apple.product-type.application";
		};
		27489B7B2AFD495A0079E9B1 /* practice-appTests */ = {
			isa = PBXNativeTarget;
			buildConfigurationList = 27489B932AFD495A0079E9B1 /* Build configuration list for PBXNativeTarget "practice-appTests" */;
			buildPhases = (
				27489B782AFD495A0079E9B1 /* Sources */,
				27489B792AFD495A0079E9B1 /* Frameworks */,
				27489B7A2AFD495A0079E9B1 /* Resources */,
			);
			buildRules = (
			);
			dependencies = (
				27489B7E2AFD495A0079E9B1 /* PBXTargetDependency */,
			);
			name = "practice-appTests";
			productName = "practice-appTests";
			productReference = 27489B7C2AFD495A0079E9B1 /* practice-appTests.xctest */;
			productType = "com.apple.product-type.bundle.unit-test";
		};
		27489B852AFD495A0079E9B1 /* practice-appUITests */ = {
			isa = PBXNativeTarget;
			buildConfigurationList = 27489B962AFD495A0079E9B1 /* Build configuration list for PBXNativeTarget "practice-appUITests" */;
			buildPhases = (
				27489B822AFD495A0079E9B1 /* Sources */,
				27489B832AFD495A0079E9B1 /* Frameworks */,
				27489B842AFD495A0079E9B1 /* Resources */,
			);
			buildRules = (
			);
			dependencies = (
				27489B882AFD495A0079E9B1 /* PBXTargetDependency */,
			);
			name = "practice-appUITests";
			productName = "practice-appUITests";
			productReference = 27489B862AFD495A0079E9B1 /* practice-appUITests.xctest */;
			productType = "com.apple.product-type.bundle.ui-testing";
		};
/* End PBXNativeTarget section */

/* Begin PBXProject section */
		27489B642AFD49580079E9B1 /* Project object */ = {
			isa = PBXProject;
			attributes = {
				BuildIndependentTargetsInParallel = 1;
				LastSwiftUpdateCheck = 1500;
				LastUpgradeCheck = 1500;
				TargetAttributes = {
					27489B6B2AFD49580079E9B1 = {
						CreatedOnToolsVersion = 15.0.1;
					};
					27489B7B2AFD495A0079E9B1 = {
						CreatedOnToolsVersion = 15.0.1;
						TestTargetID = 27489B6B2AFD49580079E9B1;
					};
					27489B852AFD495A0079E9B1 = {
						CreatedOnToolsVersion = 15.0.1;
						TestTargetID = 27489B6B2AFD49580079E9B1;
					};
				};
			};
			buildConfigurationList = 27489B672AFD49580079E9B1 /* Build configuration list for PBXProject "practice-app" */;
			compatibilityVersion = "Xcode 14.0";
			developmentRegion = en;
			hasScannedForEncodings = 0;
			knownRegions = (
				en,
				Base,
			);
			mainGroup = 27489B632AFD49580079E9B1;
			productRefGroup = 27489B6D2AFD49580079E9B1 /* Products */;
			projectDirPath = "";
			projectRoot = "";
			targets = (
				27489B6B2AFD49580079E9B1 /* practice-app */,
				27489B7B2AFD495A0079E9B1 /* practice-appTests */,
				27489B852AFD495A0079E9B1 /* practice-appUITests */,
			);
		};
/* End PBXProject section */

/* Begin PBXResourcesBuildPhase section */
		27489B6A2AFD49580079E9B1 /* Resources */ = {
			isa = PBXResourcesBuildPhase;
			buildActionMask = 2147483647;
			files = (
				27489B772AFD49590079E9B1 /* Preview Assets.xcassets in Resources */,
				27489B742AFD49590079E9B1 /* Assets.xcassets in Resources */,
			);
			runOnlyForDeploymentPostprocessing = 0;
		};
		27489B7A2AFD495A0079E9B1 /* Resources */ = {
			isa = PBXResourcesBuildPhase;
			buildActionMask = 2147483647;
			files = (
			);
			runOnlyForDeploymentPostprocessing = 0;
		};
		27489B842AFD495A0079E9B1 /* Resources */ = {
			isa = PBXResourcesBuildPhase;
			buildActionMask = 2147483647;
			files = (
			);
			runOnlyForDeploymentPostprocessing = 0;
		};
/* End PBXResourcesBuildPhase section */

/* Begin PBXSourcesBuildPhase section */
		27489B682AFD49580079E9B1 /* Sources */ = {
			isa = PBXSourcesBuildPhase;
			buildActionMask = 2147483647;
			files = (
				27489B722AFD49580079E9B1 /* ContentView.swift in Sources */,
				27489B702AFD49580079E9B1 /* practice_appApp.swift in Sources */,
			);
			runOnlyForDeploymentPostprocessing = 0;
		};
		27489B782AFD495A0079E9B1 /* Sources */ = {
			isa = PBXSourcesBuildPhase;
			buildActionMask = 2147483647;
			files = (
				27489B812AFD495A0079E9B1 /* practice_appTests.swift in Sources */,
			);
			runOnlyForDeploymentPostprocessing = 0;
		};
		27489B822AFD495A0079E9B1 /* Sources */ = {
			isa = PBXSourcesBuildPhase;
			buildActionMask = 2147483647;
			files = (
				27489B8B2AFD495A0079E9B1 /* practice_appUITests.swift in Sources */,
				27489B8D2AFD495A0079E9B1 /* practice_appUITestsLaunchTests.swift in Sources */,
			);
			runOnlyForDeploymentPostprocessing = 0;
		};
/* End PBXSourcesBuildPhase section */

/* Begin PBXTargetDependency section */
		27489B7E2AFD495A0079E9B1 /* PBXTargetDependency */ = {
			isa = PBXTargetDependency;
			target = 27489B6B2AFD49580079E9B1 /* practice-app */;
			targetProxy = 27489B7D2AFD495A0079E9B1 /* PBXContainerItemProxy */;
		};
		27489B882AFD495A0079E9B1 /* PBXTargetDependency */ = {
			isa = PBXTargetDependency;
			target = 27489B6B2AFD49580079E9B1 /* practice-app */;
			targetProxy = 27489B872AFD495A0079E9B1 /* PBXContainerItemProxy */;
		};
/* End PBXTargetDependency section */

/* Begin XCBuildConfiguration section */
		27489B8E2AFD495A0079E9B1 /* Debug */ = {
			isa = XCBuildConfiguration;
			buildSettings = {
				ALWAYS_SEARCH_USER_PATHS = NO;
				ASSETCATALOG_COMPILER_GENERATE_SWIFT_ASSET_SYMBOL_EXTENSIONS = YES;
				CLANG_ANALYZER_NONNULL = YES;
				CLANG_ANALYZER_NUMBER_OBJECT_CONVERSION = YES_AGGRESSIVE;
				CLANG_CXX_LANGUAGE_STANDARD = "gnu++20";
				CLANG_ENABLE_MODULES = YES;
				CLANG_ENABLE_OBJC_ARC = YES;
				CLANG_ENABLE_OBJC_WEAK = YES;
				CLANG_WARN_BLOCK_CAPTURE_AUTORELEASING = YES;
				CLANG_WARN_BOOL_CONVERSION = YES;
				CLANG_WARN_COMMA = YES;
				CLANG_WARN_CONSTANT_CONVERSION = YES;
				CLANG_WARN_DEPRECATED_OBJC_IMPLEMENTATIONS = YES;
				CLANG_WARN_DIRECT_OBJC_ISA_USAGE = YES_ERROR;
				CLANG_WARN_DOCUMENTATION_COMMENTS = YES;
				CLANG_WARN_EMPTY_BODY = YES;
				CLANG_WARN_ENUM_CONVERSION = YES;
				CLANG_WARN_INFINITE_RECURSION = YES;
				CLANG_WARN_INT_CONVERSION = YES;
				CLANG_WARN_NON_LITERAL_NULL_CONVERSION = YES;
				CLANG_WARN_OBJC_IMPLICIT_RETAIN_SELF = YES;
				CLANG_WARN_OBJC_LITERAL_CONVERSION = YES;
				CLANG_WARN_OBJC_ROOT_CLASS = YES_ERROR;
				CLANG_WARN_QUOTED_INCLUDE_IN_FRAMEWORK_HEADER = YES;
				CLANG_WARN_RANGE_LOOP_ANALYSIS = YES;
				CLANG_WARN_STRICT_PROTOTYPES = YES;
				CLANG_WARN_SUSPICIOUS_MOVE = YES;
				CLANG_WARN_UNGUARDED_AVAILABILITY = YES_AGGRESSIVE;
				CLANG_WARN_UNREACHABLE_CODE = YES;
				CLANG_WARN__DUPLICATE_METHOD_MATCH = YES;
				COPY_PHASE_STRIP = NO;
				DEBUG_INFORMATION_FORMAT = dwarf;
				ENABLE_STRICT_OBJC_MSGSEND = YES;
				ENABLE_TESTABILITY = YES;
				ENABLE_USER_SCRIPT_SANDBOXING = YES;
				GCC_C_LANGUAGE_STANDARD = gnu17;
				GCC_DYNAMIC_NO_PIC = NO;
				GCC_NO_COMMON_BLOCKS = YES;
				GCC_OPTIMIZATION_LEVEL = 0;
				GCC_PREPROCESSOR_DEFINITIONS = (
					"DEBUG=1",
					"$(inherited)",
				);
				GCC_WARN_64_TO_32_BIT_CONVERSION = YES;
				GCC_WARN_ABOUT_RETURN_TYPE = YES_ERROR;
				GCC_WARN_UNDECLARED_SELECTOR = YES;
				GCC_WARN_UNINITIALIZED_AUTOS = YES_AGGRESSIVE;
				GCC_WARN_UNUSED_FUNCTION = YES;
				GCC_WARN_UNUSED_VARIABLE = YES;
				IPHONEOS_DEPLOYMENT_TARGET = 17.0;
				LOCALIZATION_PREFERS_STRING_CATALOGS = YES;
				MTL_ENABLE_DEBUG_INFO = INCLUDE_SOURCE;
				MTL_FAST_MATH = YES;
				ONLY_ACTIVE_ARCH = YES;
				SDKROOT = iphoneos;
				SWIFT_ACTIVE_COMPILATION_CONDITIONS = "DEBUG $(inherited)";
				SWIFT_OPTIMIZATION_LEVEL = "-Onone";
			};
			name = Debug;
		};
		27489B8F2AFD495A0079E9B1 /* Release */ = {
			isa = XCBuildConfiguration;
			buildSettings = {
				ALWAYS_SEARCH_USER_PATHS = NO;
				ASSETCATALOG_COMPILER_GENERATE_SWIFT_ASSET_SYMBOL_EXTENSIONS = YES;
				CLANG_ANALYZER_NONNULL = YES;
				CLANG_ANALYZER_NUMBER_OBJECT_CONVERSION = YES_AGGRESSIVE;
				CLANG_CXX_LANGUAGE_STANDARD = "gnu++20";
				CLANG_ENABLE_MODULES = YES;
				CLANG_ENABLE_OBJC_ARC = YES;
				CLANG_ENABLE_OBJC_WEAK = YES;
				CLANG_WARN_BLOCK_CAPTURE_AUTORELEASING = YES;
				CLANG_WARN_BOOL_CONVERSION = YES;
				CLANG_WARN_COMMA = YES;
				CLANG_WARN_CONSTANT_CONVERSION = YES;
				CLANG_WARN_DEPRECATED_OBJC_IMPLEMENTATIONS = YES;
				CLANG_WARN_DIRECT_OBJC_ISA_USAGE = YES_ERROR;
				CLANG_WARN_DOCUMENTATION_COMMENTS = YES;
				CLANG_WARN_EMPTY_BODY = YES;
				CLANG_WARN_ENUM_CONVERSION = YES;
				CLANG_WARN_INFINITE_RECURSION = YES;
				CLANG_WARN_INT_CONVERSION = YES;
				CLANG_WARN_NON_LITERAL_NULL_CONVERSION = YES;
				CLANG_WARN_OBJC_IMPLICIT_RETAIN_SELF = YES;
				CLANG_WARN_OBJC_LITERAL_CONVERSION = YES;
				CLANG_WARN_OBJC_ROOT_CLASS = YES_ERROR;
				CLANG_WARN_QUOTED_INCLUDE_IN_FRAMEWORK_HEADER = YES;
				CLANG_WARN_RANGE_LOOP_ANALYSIS = YES;
				CLANG_WARN_STRICT_PROTOTYPES = YES;
				CLANG_WARN_SUSPICIOUS_MOVE = YES;
				CLANG_WARN_UNGUARDED_AVAILABILITY = YES_AGGRESSIVE;
				CLANG_WARN_UNREACHABLE_CODE = YES;
				CLANG_WARN__DUPLICATE_METHOD_MATCH = YES;
				COPY_PHASE_STRIP = NO;
				DEBUG_INFORMATION_FORMAT = "dwarf-with-dsym";
				ENABLE_NS_ASSERTIONS = NO;
				ENABLE_STRICT_OBJC_MSGSEND = YES;
				ENABLE_USER_SCRIPT_SANDBOXING = YES;
				GCC_C_LANGUAGE_STANDARD = gnu17;
				GCC_NO_COMMON_BLOCKS = YES;
				GCC_WARN_64_TO_32_BIT_CONVERSION = YES;
				GCC_WARN_ABOUT_RETURN_TYPE = YES_ERROR;
				GCC_WARN_UNDECLARED_SELECTOR = YES;
				GCC_WARN_UNINITIALIZED_AUTOS = YES_AGGRESSIVE;
				GCC_WARN_UNUSED_FUNCTION = YES;
				GCC_WARN_UNUSED_VARIABLE = YES;
				IPHONEOS_DEPLOYMENT_TARGET = 17.0;
				LOCALIZATION_PREFERS_STRING_CATALOGS = YES;
				MTL_ENABLE_DEBUG_INFO = NO;
				MTL_FAST_MATH = YES;
				SDKROOT = iphoneos;
				SWIFT_COMPILATION_MODE = wholemodule;
				VALIDATE_PRODUCT = YES;
			};
			name = Release;
		};
		27489B912AFD495A0079E9B1 /* Debug */ = {
			isa = XCBuildConfiguration;
			buildSettings = {
				ASSETCATALOG_COMPILER_APPICON_NAME = AppIcon;
				ASSETCATALOG_COMPILER_GLOBAL_ACCENT_COLOR_NAME = AccentColor;
				CODE_SIGN_STYLE = Automatic;
				CURRENT_PROJECT_VERSION = 1;
				DEVELOPMENT_ASSET_PATHS = "\"practice-app/Preview Content\"";
				DEVELOPMENT_TEAM = 97P8VRFL6D;
				ENABLE_PREVIEWS = YES;
				GENERATE_INFOPLIST_FILE = YES;
				INFOPLIST_KEY_UIApplicationSceneManifest_Generation = YES;
				INFOPLIST_KEY_UIApplicationSupportsIndirectInputEvents = YES;
				INFOPLIST_KEY_UILaunchScreen_Generation = YES;
				INFOPLIST_KEY_UISupportedInterfaceOrientations_iPad = "UIInterfaceOrientationPortrait UIInterfaceOrientationPortraitUpsideDown UIInterfaceOrientationLandscapeLeft UIInterfaceOrientationLandscapeRight";
				INFOPLIST_KEY_UISupportedInterfaceOrientations_iPhone = "UIInterfaceOrientationPortrait UIInterfaceOrientationLandscapeLeft UIInterfaceOrientationLandscapeRight";
				LD_RUNPATH_SEARCH_PATHS = (
					"$(inherited)",
					"@executable_path/Frameworks",
				);
				MARKETING_VERSION = 1.0;
				PRODUCT_BUNDLE_IDENTIFIER = "https---github.com-amyawu-.practice-app";
				PRODUCT_NAME = "$(TARGET_NAME)";
				SWIFT_EMIT_LOC_STRINGS = YES;
				SWIFT_VERSION = 5.0;
				TARGETED_DEVICE_FAMILY = "1,2";
			};
			name = Debug;
		};
		27489B922AFD495A0079E9B1 /* Release */ = {
			isa = XCBuildConfiguration;
			buildSettings = {
				ASSETCATALOG_COMPILER_APPICON_NAME = AppIcon;
				ASSETCATALOG_COMPILER_GLOBAL_ACCENT_COLOR_NAME = AccentColor;
				CODE_SIGN_STYLE = Automatic;
				CURRENT_PROJECT_VERSION = 1;
				DEVELOPMENT_ASSET_PATHS = "\"practice-app/Preview Content\"";
				DEVELOPMENT_TEAM = 97P8VRFL6D;
				ENABLE_PREVIEWS = YES;
				GENERATE_INFOPLIST_FILE = YES;
				INFOPLIST_KEY_UIApplicationSceneManifest_Generation = YES;
				INFOPLIST_KEY_UIApplicationSupportsIndirectInputEvents = YES;
				INFOPLIST_KEY_UILaunchScreen_Generation = YES;
				INFOPLIST_KEY_UISupportedInterfaceOrientations_iPad = "UIInterfaceOrientationPortrait UIInterfaceOrientationPortraitUpsideDown UIInterfaceOrientationLandscapeLeft UIInterfaceOrientationLandscapeRight";
				INFOPLIST_KEY_UISupportedInterfaceOrientations_iPhone = "UIInterfaceOrientationPortrait UIInterfaceOrientationLandscapeLeft UIInterfaceOrientationLandscapeRight";
				LD_RUNPATH_SEARCH_PATHS = (
					"$(inherited)",
					"@executable_path/Frameworks",
				);
				MARKETING_VERSION = 1.0;
				PRODUCT_BUNDLE_IDENTIFIER = "https---github.com-amyawu-.practice-app";
				PRODUCT_NAME = "$(TARGET_NAME)";
				SWIFT_EMIT_LOC_STRINGS = YES;
				SWIFT_VERSION = 5.0;
				TARGETED_DEVICE_FAMILY = "1,2";
			};
			name = Release;
		};
		27489B942AFD495A0079E9B1 /* Debug */ = {
			isa = XCBuildConfiguration;
			buildSettings = {
				ALWAYS_EMBED_SWIFT_STANDARD_LIBRARIES = YES;
				BUNDLE_LOADER = "$(TEST_HOST)";
				CODE_SIGN_STYLE = Automatic;
				CURRENT_PROJECT_VERSION = 1;
				DEVELOPMENT_TEAM = 97P8VRFL6D;
				GENERATE_INFOPLIST_FILE = YES;
				IPHONEOS_DEPLOYMENT_TARGET = 17.0;
				MARKETING_VERSION = 1.0;
				PRODUCT_BUNDLE_IDENTIFIER = "https---github.com-amyawu-.practice-appTests";
				PRODUCT_NAME = "$(TARGET_NAME)";
				SWIFT_EMIT_LOC_STRINGS = NO;
				SWIFT_VERSION = 5.0;
				TARGETED_DEVICE_FAMILY = "1,2";
				TEST_HOST = "$(BUILT_PRODUCTS_DIR)/practice-app.app/$(BUNDLE_EXECUTABLE_FOLDER_PATH)/practice-app";
			};
			name = Debug;
		};
		27489B952AFD495A0079E9B1 /* Release */ = {
			isa = XCBuildConfiguration;
			buildSettings = {
				ALWAYS_EMBED_SWIFT_STANDARD_LIBRARIES = YES;
				BUNDLE_LOADER = "$(TEST_HOST)";
				CODE_SIGN_STYLE = Automatic;
				CURRENT_PROJECT_VERSION = 1;
				DEVELOPMENT_TEAM = 97P8VRFL6D;
				GENERATE_INFOPLIST_FILE = YES;
				IPHONEOS_DEPLOYMENT_TARGET = 17.0;
				MARKETING_VERSION = 1.0;
				PRODUCT_BUNDLE_IDENTIFIER = "https---github.com-amyawu-.practice-appTests";
				PRODUCT_NAME = "$(TARGET_NAME)";
				SWIFT_EMIT_LOC_STRINGS = NO;
				SWIFT_VERSION = 5.0;
				TARGETED_DEVICE_FAMILY = "1,2";
				TEST_HOST = "$(BUILT_PRODUCTS_DIR)/practice-app.app/$(BUNDLE_EXECUTABLE_FOLDER_PATH)/practice-app";
			};
			name = Release;
		};
		27489B972AFD495A0079E9B1 /* Debug */ = {
			isa = XCBuildConfiguration;
			buildSettings = {
				ALWAYS_EMBED_SWIFT_STANDARD_LIBRARIES = YES;
				CODE_SIGN_STYLE = Automatic;
				CURRENT_PROJECT_VERSION = 1;
				DEVELOPMENT_TEAM = 97P8VRFL6D;
				GENERATE_INFOPLIST_FILE = YES;
				MARKETING_VERSION = 1.0;
				PRODUCT_BUNDLE_IDENTIFIER = "https---github.com-amyawu-.practice-appUITests";
				PRODUCT_NAME = "$(TARGET_NAME)";
				SWIFT_EMIT_LOC_STRINGS = NO;
				SWIFT_VERSION = 5.0;
				TARGETED_DEVICE_FAMILY = "1,2";
				TEST_TARGET_NAME = "practice-app";
			};
			name = Debug;
		};
		27489B982AFD495A0079E9B1 /* Release */ = {
			isa = XCBuildConfiguration;
			buildSettings = {
				ALWAYS_EMBED_SWIFT_STANDARD_LIBRARIES = YES;
				CODE_SIGN_STYLE = Automatic;
				CURRENT_PROJECT_VERSION = 1;
				DEVELOPMENT_TEAM = 97P8VRFL6D;
				GENERATE_INFOPLIST_FILE = YES;
				MARKETING_VERSION = 1.0;
				PRODUCT_BUNDLE_IDENTIFIER = "https---github.com-amyawu-.practice-appUITests";
				PRODUCT_NAME = "$(TARGET_NAME)";
				SWIFT_EMIT_LOC_STRINGS = NO;
				SWIFT_VERSION = 5.0;
				TARGETED_DEVICE_FAMILY = "1,2";
				TEST_TARGET_NAME = "practice-app";
			};
			name = Release;
		};
/* End XCBuildConfiguration section */

/* Begin XCConfigurationList section */
		27489B672AFD49580079E9B1 /* Build configuration list for PBXProject "practice-app" */ = {
			isa = XCConfigurationList;
			buildConfigurations = (
				27489B8E2AFD495A0079E9B1 /* Debug */,
				27489B8F2AFD495A0079E9B1 /* Release */,
			);
			defaultConfigurationIsVisible = 0;
			defaultConfigurationName = Release;
		};
		27489B902AFD495A0079E9B1 /* Build configuration list for PBXNativeTarget "practice-app" */ = {
			isa = XCConfigurationList;
			buildConfigurations = (
				27489B912AFD495A0079E9B1 /* Debug */,
				27489B922AFD495A0079E9B1 /* Release */,
			);
			defaultConfigurationIsVisible = 0;
			defaultConfigurationName = Release;
		};
		27489B932AFD495A0079E9B1 /* Build configuration list for PBXNativeTarget "practice-appTests" */ = {
			isa = XCConfigurationList;
			buildConfigurations = (
				27489B942AFD495A0079E9B1 /* Debug */,
				27489B952AFD495A0079E9B1 /* Release */,
			);
			defaultConfigurationIsVisible = 0;
			defaultConfigurationName = Release;
		};
		27489B962AFD495A0079E9B1 /* Build configuration list for PBXNativeTarget "practice-appUITests" */ = {
			isa = XCConfigurationList;
			buildConfigurations = (
				27489B972AFD495A0079E9B1 /* Debug */,
				27489B982AFD495A0079E9B1 /* Release */,
			);
			defaultConfigurationIsVisible = 0;
			defaultConfigurationName = Release;
		};
/* End XCConfigurationList section */
	};
	rootObject = 27489B642AFD49580079E9B1 /* Project object */;
}
